
Microsoft Visual Studio Solution File, Format Version 12.00
# Visual Studio Version 17
VisualStudioVersion = 17.8.34511.84
MinimumVisualStudioVersion = 10.0.40219.1
Project("{9A19103F-16F7-4668-BE54-9A1E7A4F7556}") = "AssessmentOfAcceleratedAgingOfTheHumanBody1", "AssessmentOfAcceleratedAgingOfTheHumanBody1\AssessmentOfAcceleratedAgingOfTheHumanBody1.csproj", "{B9CB45EB-448C-490B-86F1-A81337E1FF96}"
EndProject
Global
	GlobalSection(SolutionConfigurationPlatforms) = preSolution
		Debug|Any CPU = Debug|Any CPU
		Release|Any CPU = Release|Any CPU
	EndGlobalSection
	GlobalSection(ProjectConfigurationPlatforms) = postSolution
		{B9CB45EB-448C-490B-86F1-A81337E1FF96}.Debug|Any CPU.ActiveCfg = Debug|Any CPU
		{B9CB45EB-448C-490B-86F1-A81337E1FF96}.Debug|Any CPU.Build.0 = Debug|Any CPU
		{B9CB45EB-448C-490B-86F1-A81337E1FF96}.Release|Any CPU.ActiveCfg = Release|Any CPU
		{B9CB45EB-448C-490B-86F1-A81337E1FF96}.Release|Any CPU.Build.0 = Release|Any CPU
	EndGlobalSection
	GlobalSection(SolutionProperties) = preSolution
		HideSolutionNode = FALSE
	EndGlobalSection
	GlobalSection(ExtensibilityGlobals) = postSolution
		SolutionGuid = {975B04C2-111B-4024-A8A9-81400830766F}
	EndGlobalSection
EndGlobal
